// !$*UTF8*$!
{
	archiveVersion = 1;
	classes = {
	};
	objectVersion = 56;
	objects = {

/* Begin PBXBuildFile section */
		000000000000000000000101 /* CinemaEmpireTycoonApp.swift in Sources */ = {isa = PBXBuildFile; fileRef = 000000000000000000000201 /* CinemaEmpireTycoonApp.swift */; };
		000000000000000000000102 /* GameModels.swift in Sources */ = {isa = PBXBuildFile; fileRef = 000000000000000000000202 /* GameModels.swift */; };
		000000000000000000000103 /* GameCatalog.swift in Sources */ = {isa = PBXBuildFile; fileRef = 000000000000000000000203 /* GameCatalog.swift */; };
		000000000000000000000104 /* SaveStore.swift in Sources */ = {isa = PBXBuildFile; fileRef = 000000000000000000000204 /* SaveStore.swift */; };
		000000000000000000000105 /* GameEngine.swift in Sources */ = {isa = PBXBuildFile; fileRef = 000000000000000000000205 /* GameEngine.swift */; };
		000000000000000000000106 /* Theme.swift in Sources */ = {isa = PBXBuildFile; fileRef = 000000000000000000000206 /* Theme.swift */; };
		000000000000000000000107 /* RootView.swift in Sources */ = {isa = PBXBuildFile; fileRef = 000000000000000000000207 /* RootView.swift */; };
		000000000000000000000108 /* CinemaView.swift in Sources */ = {isa = PBXBuildFile; fileRef = 000000000000000000000208 /* CinemaView.swift */; };
		000000000000000000000109 /* UpgradesView.swift in Sources */ = {isa = PBXBuildFile; fileRef = 000000000000000000000209 /* UpgradesView.swift */; };
		00000000000000000000010A /* FilmsView.swift in Sources */ = {isa = PBXBuildFile; fileRef = 00000000000000000000020A /* FilmsView.swift */; };
		00000000000000000000010B /* StaffView.swift in Sources */ = {isa = PBXBuildFile; fileRef = 00000000000000000000020B /* StaffView.swift */; };
		00000000000000000000010C /* MissionsView.swift in Sources */ = {isa = PBXBuildFile; fileRef = 00000000000000000000020C /* MissionsView.swift */; };
		00000000000000000000010D /* StatsView.swift in Sources */ = {isa = PBXBuildFile; fileRef = 00000000000000000000020D /* StatsView.swift */; };
		00000000000000000000010F /* Cinema2DGameView.swift in Sources */ = {isa = PBXBuildFile; fileRef = 00000000000000000000020F /* Cinema2DGameView.swift */; };
/* End PBXBuildFile section */

/* Begin PBXFileReference section */
		000000000000000000000001 /* CinemaEmpireTycoon.app */ = {isa = PBXFileReference; explicitFileType = wrapper.application; includeInIndex = 0; path = CinemaEmpireTycoon.app; sourceTree = BUILT_PRODUCTS_DIR; };
		000000000000000000000201 /* CinemaEmpireTycoonApp.swift */ = {isa = PBXFileReference; lastKnownFileType = sourcecode.swift; path = CinemaEmpireTycoonApp.swift; sourceTree = "<group>"; };
		000000000000000000000202 /* GameModels.swift */ = {isa = PBXFileReference; lastKnownFileType = sourcecode.swift; path = GameModels.swift; sourceTree = "<group>"; };
		000000000000000000000203 /* GameCatalog.swift */ = {isa = PBXFileReference; lastKnownFileType = sourcecode.swift; path = GameCatalog.swift; sourceTree = "<group>"; };
		000000000000000000000204 /* SaveStore.swift */ = {isa = PBXFileReference; lastKnownFileType = sourcecode.swift; path = SaveStore.swift; sourceTree = "<group>"; };
		000000000000000000000205 /* GameEngine.swift */ = {isa = PBXFileReference; lastKnownFileType = sourcecode.swift; path = GameEngine.swift; sourceTree = "<group>"; };
		000000000000000000000206 /* Theme.swift */ = {isa = PBXFileReference; lastKnownFileType = sourcecode.swift; path = Theme.swift; sourceTree = "<group>"; };
		000000000000000000000207 /* RootView.swift */ = {isa = PBXFileReference; lastKnownFileType = sourcecode.swift; path = RootView.swift; sourceTree = "<group>"; };
		000000000000000000000208 /* CinemaView.swift */ = {isa = PBXFileReference; lastKnownFileType = sourcecode.swift; path = CinemaView.swift; sourceTree = "<group>"; };
		000000000000000000000209 /* UpgradesView.swift */ = {isa = PBXFileReference; lastKnownFileType = sourcecode.swift; path = UpgradesView.swift; sourceTree = "<group>"; };
		00000000000000000000020A /* FilmsView.swift */ = {isa = PBXFileReference; lastKnownFileType = sourcecode.swift; path = FilmsView.swift; sourceTree = "<group>"; };
		00000000000000000000020B /* StaffView.swift */ = {isa = PBXFileReference; lastKnownFileType = sourcecode.swift; path = StaffView.swift; sourceTree = "<group>"; };
		00000000000000000000020C /* MissionsView.swift */ = {isa = PBXFileReference; lastKnownFileType = sourcecode.swift; path = MissionsView.swift; sourceTree = "<group>"; };
		00000000000000000000020D /* StatsView.swift */ = {isa = PBXFileReference; lastKnownFileType = sourcecode.swift; path = StatsView.swift; sourceTree = "<group>"; };
		00000000000000000000020F /* Cinema2DGameView.swift */ = {isa = PBXFileReference; lastKnownFileType = sourcecode.swift; path = Cinema2DGameView.swift; sourceTree = "<group>"; };
/* End PBXFileReference section */

/* Begin PBXFrameworksBuildPhase section */
		000000000000000000000301 /* Frameworks */ = {
			isa = PBXFrameworksBuildPhase;
			buildActionMask = 2147483647;
			files = (
			);
			runOnlyForDeploymentPostprocessing = 0;
		};
/* End PBXFrameworksBuildPhase section */

/* Begin PBXGroup section */
		000000000000000000000401 = {
			isa = PBXGroup;
			children = (
				000000000000000000000402 /* CinemaEmpireTycoon */,
				000000000000000000000403 /* Products */,
			);
			sourceTree = "<group>";
		};
		000000000000000000000402 /* CinemaEmpireTycoon */ = {
			isa = PBXGroup;
			children = (
				000000000000000000000201 /* CinemaEmpireTycoonApp.swift */,
				000000000000000000000404 /* Models */,
				000000000000000000000405 /* Views */,
				000000000000000000000406 /* GameLogic */,
				000000000000000000000407 /* Storage */,
			);
			path = CinemaEmpireTycoon;
			sourceTree = "<group>";
		};
		000000000000000000000403 /* Products */ = {
			isa = PBXGroup;
			children = (
				000000000000000000000001 /* CinemaEmpireTycoon.app */,
			);
			name = Products;
			sourceTree = "<group>";
		};
		000000000000000000000404 /* Models */ = {
			isa = PBXGroup;
			children = (
				000000000000000000000202 /* GameModels.swift */,
				000000000000000000000203 /* GameCatalog.swift */,
			);
			path = Models;
			sourceTree = "<group>";
		};
		000000000000000000000405 /* Views */ = {
			isa = PBXGroup;
			children = (
				000000000000000000000206 /* Theme.swift */,
				000000000000000000000207 /* RootView.swift */,
				00000000000000000000020F /* Cinema2DGameView.swift */,
				000000000000000000000208 /* CinemaView.swift */,
				000000000000000000000209 /* UpgradesView.swift */,
				00000000000000000000020A /* FilmsView.swift */,
				00000000000000000000020B /* StaffView.swift */,
				00000000000000000000020C /* MissionsView.swift */,
				00000000000000000000020D /* StatsView.swift */,
			);
			path = Views;
			sourceTree = "<group>";
		};
		000000000000000000000406 /* GameLogic */ = {
			isa = PBXGroup;
			children = (
				000000000000000000000205 /* GameEngine.swift */,
			);
			path = GameLogic;
			sourceTree = "<group>";
		};
		000000000000000000000407 /* Storage */ = {
			isa = PBXGroup;
			children = (
				000000000000000000000204 /* SaveStore.swift */,
			);
			path = Storage;
			sourceTree = "<group>";
		};
/* End PBXGroup section */

/* Begin PBXNativeTarget section */
		000000000000000000000501 /* CinemaEmpireTycoon */ = {
			isa = PBXNativeTarget;
			buildConfigurationList = 000000000000000000000701 /* Build configuration list for PBXNativeTarget "CinemaEmpireTycoon" */;
			buildPhases = (
				000000000000000000000601 /* Sources */,
				000000000000000000000301 /* Frameworks */,
			);
			buildRules = (
			);
			dependencies = (
			);
			name = CinemaEmpireTycoon;
			productName = CinemaEmpireTycoon;
			productReference = 000000000000000000000001 /* CinemaEmpireTycoon.app */;
			productType = "com.apple.product-type.application";
		};
/* End PBXNativeTarget section */

/* Begin PBXProject section */
		000000000000000000000801 /* Project object */ = {
			isa = PBXProject;
			attributes = {
				BuildIndependentTargetsInParallel = 1;
				LastSwiftUpdateCheck = 1540;
				LastUpgradeCheck = 1540;
				TargetAttributes = {
					000000000000000000000501 = {
						CreatedOnToolsVersion = 15.4;
					};
				};
			};
			buildConfigurationList = 000000000000000000000901 /* Build configuration list for PBXProject "CinemaEmpireTycoon" */;
			compatibilityVersion = "Xcode 14.0";
			developmentRegion = en;
			hasScannedForEncodings = 0;
			knownRegions = (
				en,
				Base,
			);
			mainGroup = 000000000000000000000401;
			productRefGroup = 000000000000000000000403 /* Products */;
			projectDirPath = "";
			projectRoot = "";
			targets = (
				000000000000000000000501 /* CinemaEmpireTycoon */,
			);
		};
/* End PBXProject section */

/* Begin PBXSourcesBuildPhase section */
		000000000000000000000601 /* Sources */ = {
			isa = PBXSourcesBuildPhase;
			buildActionMask = 2147483647;
			files = (
				000000000000000000000101 /* CinemaEmpireTycoonApp.swift in Sources */,
				000000000000000000000102 /* GameModels.swift in Sources */,
				000000000000000000000103 /* GameCatalog.swift in Sources */,
				000000000000000000000104 /* SaveStore.swift in Sources */,
				000000000000000000000105 /* GameEngine.swift in Sources */,
				000000000000000000000106 /* Theme.swift in Sources */,
				000000000000000000000107 /* RootView.swift in Sources */,
				000000000000000000000108 /* CinemaView.swift in Sources */,
				000000000000000000000109 /* UpgradesView.swift in Sources */,
				00000000000000000000010A /* FilmsView.swift in Sources */,
				00000000000000000000010B /* StaffView.swift in Sources */,
				00000000000000000000010C /* MissionsView.swift in Sources */,
				00000000000000000000010D /* StatsView.swift in Sources */,
				00000000000000000000010F /* Cinema2DGameView.swift in Sources */,
			);
			runOnlyForDeploymentPostprocessing = 0;
		};
/* End PBXSourcesBuildPhase section */

/* Begin XCBuildConfiguration section */
		000000000000000000000A01 /* Debug */ = {
			isa = XCBuildConfiguration;
			buildSettings = {
				ALWAYS_SEARCH_USER_PATHS = NO;
				CLANG_ANALYZER_NONNULL = YES;
				CLANG_ANALYZER_NUMBER_OBJECT_CONVERSION = YES_AGGRESSIVE;
				CLANG_CXX_LANGUAGE_STANDARD = "gnu++20";
				CLANG_ENABLE_MODULES = YES;
				CLANG_ENABLE_OBJC_ARC = YES;
				CLANG_ENABLE_OBJC_WEAK = YES;
				CLANG_WARN_BLOCK_CAPTURE_AUTORELEASING = YES;
				CLANG_WARN_BOOL_CONVERSION = YES;
				CLANG_WARN_COMMA = YES;
				CLANG_WARN_CONSTANT_CONVERSION = YES;
				CLANG_WARN_DEPRECATED_OBJC_IMPLEMENTATIONS = YES;
				CLANG_WARN_DIRECT_OBJC_ISA_USAGE = YES_ERROR;
				CLANG_WARN_DOCUMENTATION_COMMENTS = YES;
				CLANG_WARN_EMPTY_BODY = YES;
				CLANG_WARN_ENUM_CONVERSION = YES;
				CLANG_WARN_INFINITE_RECURSION = YES;
				CLANG_WARN_INT_CONVERSION = YES;
				CLANG_WARN_NON_LITERAL_NULL_CONVERSION = YES;
				CLANG_WARN_OBJC_IMPLICIT_RETAIN_SELF = YES;
				CLANG_WARN_OBJC_LITERAL_CONVERSION = YES;
				CLANG_WARN_OBJC_ROOT_CLASS = YES_ERROR;
				CLANG_WARN_QUOTED_INCLUDE_IN_FRAMEWORK_HEADER = YES;
				CLANG_WARN_RANGE_LOOP_ANALYSIS = YES;
				CLANG_WARN_STRICT_PROTOTYPES = YES;
				CLANG_WARN_SUSPICIOUS_MOVE = YES;
				CLANG_WARN_UNGUARDED_AVAILABILITY = YES_AGGRESSIVE;
				CLANG_WARN_UNREACHABLE_CODE = YES;
				CLANG_WARN__DUPLICATE_METHOD_MATCH = YES;
				COPY_PHASE_STRIP = NO;
				DEBUG_INFORMATION_FORMAT = dwarf;
				ENABLE_STRICT_OBJC_MSGSEND = YES;
				ENABLE_TESTABILITY = YES;
				ENABLE_USER_SCRIPT_SANDBOXING = YES;
				GCC_C_LANGUAGE_STANDARD = gnu17;
				GCC_DYNAMIC_NO_PIC = NO;
				GCC_NO_COMMON_BLOCKS = YES;
				GCC_OPTIMIZATION_LEVEL = 0;
				GCC_PREPROCESSOR_DEFINITIONS = (
					"DEBUG=1",
					"$(inherited)",
				);
				GCC_WARN_64_TO_32_BIT_CONVERSION = YES;
				GCC_WARN_ABOUT_RETURN_TYPE = YES_ERROR;
				GCC_WARN_UNDECLARED_SELECTOR = YES;
				GCC_WARN_UNINITIALIZED_AUTOS = YES_AGGRESSIVE;
				GCC_WARN_UNUSED_FUNCTION = YES;
				GCC_WARN_UNUSED_VARIABLE = YES;
				IPHONEOS_DEPLOYMENT_TARGET = 17.0;
				MTL_ENABLE_DEBUG_INFO = INCLUDE_SOURCE;
				MTL_FAST_MATH = YES;
				ONLY_ACTIVE_ARCH = YES;
				SDKROOT = iphoneos;
				SWIFT_ACTIVE_COMPILATION_CONDITIONS = DEBUG;
				SWIFT_OPTIMIZATION_LEVEL = "-Onone";
			};
			name = Debug;
		};
		000000000000000000000A02 /* Release */ = {
			isa = XCBuildConfiguration;
			buildSettings = {
				ALWAYS_SEARCH_USER_PATHS = NO;
				CLANG_ANALYZER_NONNULL = YES;
				CLANG_ANALYZER_NUMBER_OBJECT_CONVERSION = YES_AGGRESSIVE;
				CLANG_CXX_LANGUAGE_STANDARD = "gnu++20";
				CLANG_ENABLE_MODULES = YES;
				CLANG_ENABLE_OBJC_ARC = YES;
				CLANG_ENABLE_OBJC_WEAK = YES;
				CLANG_WARN_BLOCK_CAPTURE_AUTORELEASING = YES;
				CLANG_WARN_BOOL_CONVERSION = YES;
				CLANG_WARN_COMMA = YES;
				CLANG_WARN_CONSTANT_CONVERSION = YES;
				CLANG_WARN_DEPRECATED_OBJC_IMPLEMENTATIONS = YES;
				CLANG_WARN_DIRECT_OBJC_ISA_USAGE = YES_ERROR;
				CLANG_WARN_DOCUMENTATION_COMMENTS = YES;
				CLANG_WARN_EMPTY_BODY = YES;
				CLANG_WARN_ENUM_CONVERSION = YES;
				CLANG_WARN_INFINITE_RECURSION = YES;
				CLANG_WARN_INT_CONVERSION = YES;
				CLANG_WARN_NON_LITERAL_NULL_CONVERSION = YES;
				CLANG_WARN_OBJC_IMPLICIT_RETAIN_SELF = YES;
				CLANG_WARN_OBJC_LITERAL_CONVERSION = YES;
				CLANG_WARN_OBJC_ROOT_CLASS = YES_ERROR;
				CLANG_WARN_QUOTED_INCLUDE_IN_FRAMEWORK_HEADER = YES;
				CLANG_WARN_RANGE_LOOP_ANALYSIS = YES;
				CLANG_WARN_STRICT_PROTOTYPES = YES;
				CLANG_WARN_SUSPICIOUS_MOVE = YES;
				CLANG_WARN_UNGUARDED_AVAILABILITY = YES_AGGRESSIVE;
				CLANG_WARN_UNREACHABLE_CODE = YES;
				CLANG_WARN__DUPLICATE_METHOD_MATCH = YES;
				COPY_PHASE_STRIP = NO;
				DEBUG_INFORMATION_FORMAT = "dwarf-with-dsym";
				ENABLE_NS_ASSERTIONS = NO;
				ENABLE_STRICT_OBJC_MSGSEND = YES;
				ENABLE_USER_SCRIPT_SANDBOXING = YES;
				GCC_C_LANGUAGE_STANDARD = gnu17;
				GCC_NO_COMMON_BLOCKS = YES;
				GCC_WARN_64_TO_32_BIT_CONVERSION = YES;
				GCC_WARN_ABOUT_RETURN_TYPE = YES_ERROR;
				GCC_WARN_UNDECLARED_SELECTOR = YES;
				GCC_WARN_UNINITIALIZED_AUTOS = YES_AGGRESSIVE;
				GCC_WARN_UNUSED_FUNCTION = YES;
				GCC_WARN_UNUSED_VARIABLE = YES;
				IPHONEOS_DEPLOYMENT_TARGET = 17.0;
				MTL_ENABLE_DEBUG_INFO = NO;
				MTL_FAST_MATH = YES;
				SDKROOT = iphoneos;
				SWIFT_COMPILATION_MODE = wholemodule;
				VALIDATE_PRODUCT = YES;
			};
			name = Release;
		};
		000000000000000000000A03 /* Debug */ = {
			isa = XCBuildConfiguration;
			buildSettings = {
				ASSETCATALOG_COMPILER_APPICON_NAME = AppIcon;
				CODE_SIGN_STYLE = Automatic;
				CURRENT_PROJECT_VERSION = 1;
				DEVELOPMENT_ASSET_PATHS = "";
				GENERATE_INFOPLIST_FILE = YES;
				INFOPLIST_KEY_CFBundleDisplayName = "Cinema Empire Tycoon";
				INFOPLIST_KEY_LSApplicationCategoryType = "public.app-category.games";
				INFOPLIST_KEY_UIApplicationSceneManifest_Generation = YES;
				INFOPLIST_KEY_UIApplicationSupportsIndirectInputEvents = YES;
				INFOPLIST_KEY_UILaunchScreen_Generation = YES;
				INFOPLIST_KEY_UISupportedInterfaceOrientations_iPhone = UIInterfaceOrientationPortrait;
				IPHONEOS_DEPLOYMENT_TARGET = 17.0;
				MARKETING_VERSION = 1.0;
				PRODUCT_BUNDLE_IDENTIFIER = com.codex.CinemaEmpireTycoon;
				PRODUCT_NAME = "$(TARGET_NAME)";
				SUPPORTED_PLATFORMS = "iphoneos iphonesimulator";
				SUPPORTS_MACCATALYST = NO;
				SUPPORTS_MAC_DESIGNED_FOR_IPHONE_IPAD = NO;
				SWIFT_EMIT_LOC_STRINGS = YES;
				SWIFT_VERSION = 5.0;
				TARGETED_DEVICE_FAMILY = 1;
			};
			name = Debug;
		};
		000000000000000000000A04 /* Release */ = {
			isa = XCBuildConfiguration;
			buildSettings = {
				ASSETCATALOG_COMPILER_APPICON_NAME = AppIcon;
				CODE_SIGN_STYLE = Automatic;
				CURRENT_PROJECT_VERSION = 1;
				DEVELOPMENT_ASSET_PATHS = "";
				GENERATE_INFOPLIST_FILE = YES;
				INFOPLIST_KEY_CFBundleDisplayName = "Cinema Empire Tycoon";
				INFOPLIST_KEY_LSApplicationCategoryType = "public.app-category.games";
				INFOPLIST_KEY_UIApplicationSceneManifest_Generation = YES;
				INFOPLIST_KEY_UIApplicationSupportsIndirectInputEvents = YES;
				INFOPLIST_KEY_UILaunchScreen_Generation = YES;
				INFOPLIST_KEY_UISupportedInterfaceOrientations_iPhone = UIInterfaceOrientationPortrait;
				IPHONEOS_DEPLOYMENT_TARGET = 17.0;
				MARKETING_VERSION = 1.0;
				PRODUCT_BUNDLE_IDENTIFIER = com.codex.CinemaEmpireTycoon;
				PRODUCT_NAME = "$(TARGET_NAME)";
				SUPPORTED_PLATFORMS = "iphoneos iphonesimulator";
				SUPPORTS_MACCATALYST = NO;
				SUPPORTS_MAC_DESIGNED_FOR_IPHONE_IPAD = NO;
				SWIFT_EMIT_LOC_STRINGS = YES;
				SWIFT_VERSION = 5.0;
				TARGETED_DEVICE_FAMILY = 1;
			};
			name = Release;
		};
/* End XCBuildConfiguration section */

/* Begin XCConfigurationList section */
		000000000000000000000701 /* Build configuration list for PBXNativeTarget "CinemaEmpireTycoon" */ = {
			isa = XCConfigurationList;
			buildConfigurations = (
				000000000000000000000A03 /* Debug */,
				000000000000000000000A04 /* Release */,
			);
			defaultConfigurationIsVisible = 0;
			defaultConfigurationName = Release;
		};
		000000000000000000000901 /* Build configuration list for PBXProject "CinemaEmpireTycoon" */ = {
			isa = XCConfigurationList;
			buildConfigurations = (
				000000000000000000000A01 /* Debug */,
				000000000000000000000A02 /* Release */,
			);
			defaultConfigurationIsVisible = 0;
			defaultConfigurationName = Release;
		};
/* End XCConfigurationList section */
	};
	rootObject = 000000000000000000000801 /* Project object */;
}
